
Microsoft Visual Studio Solution File, Format Version 12.00
# Visual Studio Version 17
VisualStudioVersion = 17.4.33205.214
MinimumVisualStudioVersion = 10.0.40219.1
Project("{FAE04EC0-301F-11D3-BF4B-00C04F79EFBC}") = "GraphPartitioning", "GraphPartitioning.csproj", "{D03B903E-EADA-46A0-AB51-BB56D53A2D59}"
EndProject
Global
	GlobalSection(SolutionConfigurationPlatforms) = preSolution
		Debug|Any CPU = Debug|Any CPU
		Release|Any CPU = Release|Any CPU
	EndGlobalSection
	GlobalSection(ProjectConfigurationPlatforms) = postSolution
		{D03B903E-EADA-46A0-AB51-BB56D53A2D59}.Debug|Any CPU.ActiveCfg = Debug|Any CPU
		{D03B903E-EADA-46A0-AB51-BB56D53A2D59}.Debug|Any CPU.Build.0 = Debug|Any CPU
		{D03B903E-EADA-46A0-AB51-BB56D53A2D59}.Release|Any CPU.ActiveCfg = Release|Any CPU
		{D03B903E-EADA-46A0-AB51-BB56D53A2D59}.Release|Any CPU.Build.0 = Release|Any CPU
	EndGlobalSection
	GlobalSection(SolutionProperties) = preSolution
		HideSolutionNode = FALSE
	EndGlobalSection
	GlobalSection(ExtensibilityGlobals) = postSolution
		SolutionGuid = {2624473C-A982-4683-9539-611D464C4008}
	EndGlobalSection
EndGlobal
